// !$*UTF8*$!
{
	archiveVersion = 1;
	classes = {
	};
	objectVersion = 45;
	objects = {

/* Begin PBXBuildFile section */
		1BF484520E193AF60081341F /* MainView.xib in Resources */ = {isa = PBXBuildFile; fileRef = 1BF4844D0E193AF60081341F /* MainView.xib */; };
		1D3623260D0F684500981E51 /* BusGnosisAppDelegate.m in Sources */ = {isa = PBXBuildFile; fileRef = 1D3623250D0F684500981E51 /* BusGnosisAppDelegate.m */; };
		1D60589B0D05DD56006BFB54 /* main.m in Sources */ = {isa = PBXBuildFile; fileRef = 29B97316FDCFA39411CA2CEA /* main.m */; };
		1DF5F4E00D08C38300B7A737 /* UIKit.framework in Frameworks */ = {isa = PBXBuildFile; fileRef = 1DF5F4DF0D08C38300B7A737 /* UIKit.framework */; };
		289233AE0DB2D0DB0083E9F9 /* MainViewController.m in Sources */ = {isa = PBXBuildFile; fileRef = 289233A90DB2D0DB0083E9F9 /* MainViewController.m */; };
		4C05F8500FF9DCC100CDA3C4 /* BusInfo.m in Sources */ = {isa = PBXBuildFile; fileRef = 4C05F84A0FF9DCC100CDA3C4 /* BusInfo.m */; };
		4C05F8510FF9DCC100CDA3C4 /* BusesNearTimepointCollector.m in Sources */ = {isa = PBXBuildFile; fileRef = 4C05F84C0FF9DCC100CDA3C4 /* BusesNearTimepointCollector.m */; };
		4C05FBB40FFD1F5D00CDA3C4 /* BGAnnotationView.m in Sources */ = {isa = PBXBuildFile; fileRef = 4C05FBB30FFD1F5D00CDA3C4 /* BGAnnotationView.m */; };
		4C05FD870FFEC0E200CDA3C4 /* CoreGraphics.framework in Frameworks */ = {isa = PBXBuildFile; fileRef = 4C05FD860FFEC0E200CDA3C4 /* CoreGraphics.framework */; };
		4CA0FB2E0FCE0C9200F488C2 /* MapKit.framework in Frameworks */ = {isa = PBXBuildFile; fileRef = 4CA0FB2D0FCE0C9200F488C2 /* MapKit.framework */; };
		4CA0FEB60FD45ABB00F488C2 /* timepoints.dat in Resources */ = {isa = PBXBuildFile; fileRef = 4CA0FEB50FD45ABB00F488C2 /* timepoints.dat */; };
		4CA0FEBE0FD45CC500F488C2 /* LocationInfo.m in Sources */ = {isa = PBXBuildFile; fileRef = 4CA0FEBD0FD45CC500F488C2 /* LocationInfo.m */; };
		4CA0FECF0FD45E7A00F488C2 /* Timepoint.m in Sources */ = {isa = PBXBuildFile; fileRef = 4CA0FECE0FD45E7A00F488C2 /* Timepoint.m */; };
		4CBE6DE61006B57D007C26A4 /* libSoapSupportLib.a in Frameworks */ = {isa = PBXBuildFile; fileRef = 4CBE6DE51006B57D007C26A4 /* libSoapSupportLib.a */; };
		89172B910DEF669C0031F4F9 /* CoreLocation.framework in Frameworks */ = {isa = PBXBuildFile; fileRef = 89172B900DEF669C0031F4F9 /* CoreLocation.framework */; };
		899AD45E0DF6040400D7D5B8 /* Icon.png in Resources */ = {isa = PBXBuildFile; fileRef = 899AD45D0DF6040400D7D5B8 /* Icon.png */; };
		89E2DFBF0DF0CEA4006E977B /* Foundation.framework in Frameworks */ = {isa = PBXBuildFile; fileRef = 89E2DFBE0DF0CEA4006E977B /* Foundation.framework */; };
		89E3FE0F0DEFD42C0064778C /* Localizable.strings in Resources */ = {isa = PBXBuildFile; fileRef = 89E3FE0E0DEFD42C0064778C /* Localizable.strings */; };
/* End PBXBuildFile section */

/* Begin PBXContainerItemProxy section */
		4CBE6EF11007FDC0007C26A4 /* PBXContainerItemProxy */ = {
			isa = PBXContainerItemProxy;
			containerPortal = 4CBE6EED1007FDC0007C26A4 /* SoapSupportLib.xcodeproj */;
			proxyType = 2;
			remoteGlobalIDString = D2AAC07E0554694100DB518D /* libSoapSupportLib.a */;
			remoteInfo = SoapSupportLib;
		};
		4CBE70A110095482007C26A4 /* PBXContainerItemProxy */ = {
			isa = PBXContainerItemProxy;
			containerPortal = 4CBE6EED1007FDC0007C26A4 /* SoapSupportLib.xcodeproj */;
			proxyType = 1;
			remoteGlobalIDString = D2AAC07D0554694100DB518D /* SoapSupportLib */;
			remoteInfo = SoapSupportLib;
		};
/* End PBXContainerItemProxy section */

/* Begin PBXFileReference section */
		1BF4844E0E193AF60081341F /* en */ = {isa = PBXFileReference; lastKnownFileType = file.xib; name = en; path = en.lproj/MainView.xib; sourceTree = "<group>"; };
		1D3623240D0F684500981E51 /* BusGnosisAppDelegate.h */ = {isa = PBXFileReference; fileEncoding = 4; lastKnownFileType = sourcecode.c.h; path = BusGnosisAppDelegate.h; sourceTree = "<group>"; usesTabs = 0; };
		1D3623250D0F684500981E51 /* BusGnosisAppDelegate.m */ = {isa = PBXFileReference; fileEncoding = 4; lastKnownFileType = sourcecode.c.objc; path = BusGnosisAppDelegate.m; sourceTree = "<group>"; usesTabs = 0; };
		1D6058910D05DD3D006BFB54 /* BusGnosis.app */ = {isa = PBXFileReference; explicitFileType = wrapper.application; includeInIndex = 0; path = BusGnosis.app; sourceTree = BUILT_PRODUCTS_DIR; };
		1DF5F4DF0D08C38300B7A737 /* UIKit.framework */ = {isa = PBXFileReference; lastKnownFileType = wrapper.framework; name = UIKit.framework; path = System/Library/Frameworks/UIKit.framework; sourceTree = SDKROOT; };
		289233A80DB2D0DB0083E9F9 /* MainViewController.h */ = {isa = PBXFileReference; fileEncoding = 4; lastKnownFileType = sourcecode.c.h; path = MainViewController.h; sourceTree = "<group>"; usesTabs = 0; };
		289233A90DB2D0DB0083E9F9 /* MainViewController.m */ = {isa = PBXFileReference; fileEncoding = 4; lastKnownFileType = sourcecode.c.objc; path = MainViewController.m; sourceTree = "<group>"; usesTabs = 0; };
		29B97316FDCFA39411CA2CEA /* main.m */ = {isa = PBXFileReference; fileEncoding = 4; lastKnownFileType = sourcecode.c.objc; path = main.m; sourceTree = "<group>"; usesTabs = 0; };
		4C05F8490FF9DCC100CDA3C4 /* BusInfo.h */ = {isa = PBXFileReference; fileEncoding = 4; lastKnownFileType = sourcecode.c.h; path = BusInfo.h; sourceTree = "<group>"; };
		4C05F84A0FF9DCC100CDA3C4 /* BusInfo.m */ = {isa = PBXFileReference; fileEncoding = 4; lastKnownFileType = sourcecode.c.objc; path = BusInfo.m; sourceTree = "<group>"; };
		4C05F84B0FF9DCC100CDA3C4 /* BusesNearTimepointCollector.h */ = {isa = PBXFileReference; fileEncoding = 4; lastKnownFileType = sourcecode.c.h; path = BusesNearTimepointCollector.h; sourceTree = "<group>"; };
		4C05F84C0FF9DCC100CDA3C4 /* BusesNearTimepointCollector.m */ = {isa = PBXFileReference; fileEncoding = 4; lastKnownFileType = sourcecode.c.objc; path = BusesNearTimepointCollector.m; sourceTree = "<group>"; };
		4C05FBB20FFD1F5D00CDA3C4 /* BGAnnotationView.h */ = {isa = PBXFileReference; fileEncoding = 4; lastKnownFileType = sourcecode.c.h; path = BGAnnotationView.h; sourceTree = "<group>"; };
		4C05FBB30FFD1F5D00CDA3C4 /* BGAnnotationView.m */ = {isa = PBXFileReference; fileEncoding = 4; lastKnownFileType = sourcecode.c.objc; path = BGAnnotationView.m; sourceTree = "<group>"; };
		4C05FD860FFEC0E200CDA3C4 /* CoreGraphics.framework */ = {isa = PBXFileReference; lastKnownFileType = wrapper.framework; name = CoreGraphics.framework; path = System/Library/Frameworks/CoreGraphics.framework; sourceTree = SDKROOT; };
		4CA0FB2D0FCE0C9200F488C2 /* MapKit.framework */ = {isa = PBXFileReference; lastKnownFileType = wrapper.framework; name = MapKit.framework; path = System/Library/Frameworks/MapKit.framework; sourceTree = SDKROOT; };
		4CA0FEB50FD45ABB00F488C2 /* timepoints.dat */ = {isa = PBXFileReference; lastKnownFileType = file.bplist; path = timepoints.dat; sourceTree = "<group>"; };
		4CA0FEBC0FD45CC500F488C2 /* LocationInfo.h */ = {isa = PBXFileReference; fileEncoding = 4; lastKnownFileType = sourcecode.c.h; path = LocationInfo.h; sourceTree = "<group>"; };
		4CA0FEBD0FD45CC500F488C2 /* LocationInfo.m */ = {isa = PBXFileReference; fileEncoding = 4; lastKnownFileType = sourcecode.c.objc; path = LocationInfo.m; sourceTree = "<group>"; };
		4CA0FECD0FD45E7A00F488C2 /* Timepoint.h */ = {isa = PBXFileReference; fileEncoding = 4; lastKnownFileType = sourcecode.c.h; path = Timepoint.h; sourceTree = "<group>"; };
		4CA0FECE0FD45E7A00F488C2 /* Timepoint.m */ = {isa = PBXFileReference; fileEncoding = 4; lastKnownFileType = sourcecode.c.objc; path = Timepoint.m; sourceTree = "<group>"; };
		4CBE6DE51006B57D007C26A4 /* libSoapSupportLib.a */ = {isa = PBXFileReference; lastKnownFileType = archive.ar; name = libSoapSupportLib.a; path = "../SoapSupportLib/build/Debug-iphonesimulator/libSoapSupportLib.a"; sourceTree = SOURCE_ROOT; };
		4CBE6EED1007FDC0007C26A4 /* SoapSupportLib.xcodeproj */ = {isa = PBXFileReference; lastKnownFileType = "wrapper.pb-project"; name = SoapSupportLib.xcodeproj; path = ../SoapSupportLib/SoapSupportLib.xcodeproj; sourceTree = SOURCE_ROOT; };
		89172B900DEF669C0031F4F9 /* CoreLocation.framework */ = {isa = PBXFileReference; lastKnownFileType = wrapper.framework; name = CoreLocation.framework; path = System/Library/Frameworks/CoreLocation.framework; sourceTree = SDKROOT; };
		899AD45D0DF6040400D7D5B8 /* Icon.png */ = {isa = PBXFileReference; lastKnownFileType = image.png; path = Icon.png; sourceTree = "<group>"; };
		89E2DFBE0DF0CEA4006E977B /* Foundation.framework */ = {isa = PBXFileReference; lastKnownFileType = wrapper.framework; name = Foundation.framework; path = System/Library/Frameworks/Foundation.framework; sourceTree = SDKROOT; };
		89E3FE0E0DEFD42C0064778C /* Localizable.strings */ = {isa = PBXFileReference; fileEncoding = 10; lastKnownFileType = text.plist.strings; path = Localizable.strings; sourceTree = "<group>"; };
		8D1107310486CEB800E47090 /* Info.plist */ = {isa = PBXFileReference; fileEncoding = 4; lastKnownFileType = text.plist.xml; path = Info.plist; sourceTree = "<group>"; };
/* End PBXFileReference section */

/* Begin PBXFrameworksBuildPhase section */
		1D60588F0D05DD3D006BFB54 /* Frameworks */ = {
			isa = PBXFrameworksBuildPhase;
			buildActionMask = 2147483647;
			files = (
				1DF5F4E00D08C38300B7A737 /* UIKit.framework in Frameworks */,
				89172B910DEF669C0031F4F9 /* CoreLocation.framework in Frameworks */,
				89E2DFBF0DF0CEA4006E977B /* Foundation.framework in Frameworks */,
				4CA0FB2E0FCE0C9200F488C2 /* MapKit.framework in Frameworks */,
				4C05FD870FFEC0E200CDA3C4 /* CoreGraphics.framework in Frameworks */,
				4CBE6DE61006B57D007C26A4 /* libSoapSupportLib.a in Frameworks */,
			);
			runOnlyForDeploymentPostprocessing = 0;
		};
/* End PBXFrameworksBuildPhase section */

/* Begin PBXGroup section */
		080E96DDFE201D6D7F000001 /* Controllers */ = {
			isa = PBXGroup;
			children = (
				289233A80DB2D0DB0083E9F9 /* MainViewController.h */,
				289233A90DB2D0DB0083E9F9 /* MainViewController.m */,
				1D3623240D0F684500981E51 /* BusGnosisAppDelegate.h */,
				1D3623250D0F684500981E51 /* BusGnosisAppDelegate.m */,
			);
			name = Controllers;
			path = Classes;
			sourceTree = "<group>";
		};
		19C28FACFE9D520D11CA2CBB /* Products */ = {
			isa = PBXGroup;
			children = (
				1D6058910D05DD3D006BFB54 /* BusGnosis.app */,
			);
			name = Products;
			sourceTree = "<group>";
		};
		289233A00DB2D0730083E9F9 /* Views */ = {
			isa = PBXGroup;
			children = (
				4C05FBB20FFD1F5D00CDA3C4 /* BGAnnotationView.h */,
				4C05FBB30FFD1F5D00CDA3C4 /* BGAnnotationView.m */,
			);
			name = Views;
			sourceTree = "<group>";
		};
		29B97314FDCFA39411CA2CEA /* CustomTemplate */ = {
			isa = PBXGroup;
			children = (
				4CBE6EED1007FDC0007C26A4 /* SoapSupportLib.xcodeproj */,
				4C05FDA80FFEE2B000CDA3C4 /* Model */,
				289233A00DB2D0730083E9F9 /* Views */,
				080E96DDFE201D6D7F000001 /* Controllers */,
				29B97315FDCFA39411CA2CEA /* Other Sources */,
				29B97317FDCFA39411CA2CEA /* Resources */,
				29B97323FDCFA39411CA2CEA /* Frameworks */,
				19C28FACFE9D520D11CA2CBB /* Products */,
			);
			name = CustomTemplate;
			sourceTree = "<group>";
		};
		29B97315FDCFA39411CA2CEA /* Other Sources */ = {
			isa = PBXGroup;
			children = (
				29B97316FDCFA39411CA2CEA /* main.m */,
				4C05F84B0FF9DCC100CDA3C4 /* BusesNearTimepointCollector.h */,
				4C05F84C0FF9DCC100CDA3C4 /* BusesNearTimepointCollector.m */,
			);
			name = "Other Sources";
			sourceTree = "<group>";
		};
		29B97317FDCFA39411CA2CEA /* Resources */ = {
			isa = PBXGroup;
			children = (
				4CA0FEB50FD45ABB00F488C2 /* timepoints.dat */,
				1BF4844D0E193AF60081341F /* MainView.xib */,
				899AD45D0DF6040400D7D5B8 /* Icon.png */,
				8D1107310486CEB800E47090 /* Info.plist */,
				89E3FE0E0DEFD42C0064778C /* Localizable.strings */,
			);
			name = Resources;
			sourceTree = "<group>";
		};
		29B97323FDCFA39411CA2CEA /* Frameworks */ = {
			isa = PBXGroup;
			children = (
				4CBE6DE51006B57D007C26A4 /* libSoapSupportLib.a */,
				4C05FD860FFEC0E200CDA3C4 /* CoreGraphics.framework */,
				4CA0FB2D0FCE0C9200F488C2 /* MapKit.framework */,
				89E2DFBE0DF0CEA4006E977B /* Foundation.framework */,
				1DF5F4DF0D08C38300B7A737 /* UIKit.framework */,
				89172B900DEF669C0031F4F9 /* CoreLocation.framework */,
			);
			name = Frameworks;
			sourceTree = "<group>";
		};
		4C05FDA80FFEE2B000CDA3C4 /* Model */ = {
			isa = PBXGroup;
			children = (
				4CA0FEBC0FD45CC500F488C2 /* LocationInfo.h */,
				4CA0FEBD0FD45CC500F488C2 /* LocationInfo.m */,
				4CA0FECD0FD45E7A00F488C2 /* Timepoint.h */,
				4CA0FECE0FD45E7A00F488C2 /* Timepoint.m */,
				4C05F8490FF9DCC100CDA3C4 /* BusInfo.h */,
				4C05F84A0FF9DCC100CDA3C4 /* BusInfo.m */,
			);
			name = Model;
			sourceTree = "<group>";
		};
		4CBE6EEE1007FDC0007C26A4 /* Products */ = {
			isa = PBXGroup;
			children = (
				4CBE6EF21007FDC0007C26A4 /* libSoapSupportLib.a */,
			);
			name = Products;
			sourceTree = "<group>";
		};
/* End PBXGroup section */

/* Begin PBXNativeTarget section */
		1D6058900D05DD3D006BFB54 /* BusGnosis */ = {
			isa = PBXNativeTarget;
			buildConfigurationList = 1D6058960D05DD3E006BFB54 /* Build configuration list for PBXNativeTarget "BusGnosis" */;
			buildPhases = (
				1D60588D0D05DD3D006BFB54 /* Resources */,
				1D60588E0D05DD3D006BFB54 /* Sources */,
				1D60588F0D05DD3D006BFB54 /* Frameworks */,
			);
			buildRules = (
			);
			dependencies = (
				4CBE70A210095482007C26A4 /* PBXTargetDependency */,
			);
			name = BusGnosis;
			productName = LocateMe;
			productReference = 1D6058910D05DD3D006BFB54 /* BusGnosis.app */;
			productType = "com.apple.product-type.application";
		};
/* End PBXNativeTarget section */

/* Begin PBXProject section */
		29B97313FDCFA39411CA2CEA /* Project object */ = {
			isa = PBXProject;
			buildConfigurationList = C01FCF4E08A954540054247B /* Build configuration list for PBXProject "BusGnosis" */;
			compatibilityVersion = "Xcode 3.1";
			hasScannedForEncodings = 1;
			knownRegions = (
				English,
				Japanese,
				French,
				German,
				en,
			);
			mainGroup = 29B97314FDCFA39411CA2CEA /* CustomTemplate */;
			projectDirPath = "";
			projectReferences = (
				{
					ProductGroup = 4CBE6EEE1007FDC0007C26A4 /* Products */;
					ProjectRef = 4CBE6EED1007FDC0007C26A4 /* SoapSupportLib.xcodeproj */;
				},
			);
			projectRoot = "";
			targets = (
				1D6058900D05DD3D006BFB54 /* BusGnosis */,
			);
		};
/* End PBXProject section */

/* Begin PBXReferenceProxy section */
		4CBE6EF21007FDC0007C26A4 /* libSoapSupportLib.a */ = {
			isa = PBXReferenceProxy;
			fileType = archive.ar;
			path = libSoapSupportLib.a;
			remoteRef = 4CBE6EF11007FDC0007C26A4 /* PBXContainerItemProxy */;
			sourceTree = BUILT_PRODUCTS_DIR;
		};
/* End PBXReferenceProxy section */

/* Begin PBXResourcesBuildPhase section */
		1D60588D0D05DD3D006BFB54 /* Resources */ = {
			isa = PBXResourcesBuildPhase;
			buildActionMask = 2147483647;
			files = (
				89E3FE0F0DEFD42C0064778C /* Localizable.strings in Resources */,
				899AD45E0DF6040400D7D5B8 /* Icon.png in Resources */,
				1BF484520E193AF60081341F /* MainView.xib in Resources */,
				4CA0FEB60FD45ABB00F488C2 /* timepoints.dat in Resources */,
			);
			runOnlyForDeploymentPostprocessing = 0;
		};
/* End PBXResourcesBuildPhase section */

/* Begin PBXSourcesBuildPhase section */
		1D60588E0D05DD3D006BFB54 /* Sources */ = {
			isa = PBXSourcesBuildPhase;
			buildActionMask = 2147483647;
			files = (
				1D60589B0D05DD56006BFB54 /* main.m in Sources */,
				1D3623260D0F684500981E51 /* BusGnosisAppDelegate.m in Sources */,
				289233AE0DB2D0DB0083E9F9 /* MainViewController.m in Sources */,
				4CA0FEBE0FD45CC500F488C2 /* LocationInfo.m in Sources */,
				4CA0FECF0FD45E7A00F488C2 /* Timepoint.m in Sources */,
				4C05F8500FF9DCC100CDA3C4 /* BusInfo.m in Sources */,
				4C05F8510FF9DCC100CDA3C4 /* BusesNearTimepointCollector.m in Sources */,
				4C05FBB40FFD1F5D00CDA3C4 /* BGAnnotationView.m in Sources */,
			);
			runOnlyForDeploymentPostprocessing = 0;
		};
/* End PBXSourcesBuildPhase section */

/* Begin PBXTargetDependency section */
		4CBE70A210095482007C26A4 /* PBXTargetDependency */ = {
			isa = PBXTargetDependency;
			name = SoapSupportLib;
			targetProxy = 4CBE70A110095482007C26A4 /* PBXContainerItemProxy */;
		};
/* End PBXTargetDependency section */

/* Begin PBXVariantGroup section */
		1BF4844D0E193AF60081341F /* MainView.xib */ = {
			isa = PBXVariantGroup;
			children = (
				1BF4844E0E193AF60081341F /* en */,
			);
			name = MainView.xib;
			sourceTree = "<group>";
		};
/* End PBXVariantGroup section */

/* Begin XCBuildConfiguration section */
		1D6058940D05DD3E006BFB54 /* Debug */ = {
			isa = XCBuildConfiguration;
			buildSettings = {
				ALWAYS_SEARCH_USER_PATHS = NO;
				COPY_PHASE_STRIP = NO;
				CURRENT_PROJECT_VERSION = 1.0;
				GCC_DYNAMIC_NO_PIC = NO;
				GCC_OPTIMIZATION_LEVEL = 0;
				GCC_PRECOMPILE_PREFIX_HEADER = YES;
				GCC_PREFIX_HEADER = "${PRODUCT_NAME:identifier}_Prefix.pch";
				HEADER_SEARCH_PATHS = "$(SRCROOT)/../SoapSupportLib";
				INFOPLIST_FILE = Info.plist;
				LIBRARY_SEARCH_PATHS = (
					"$(inherited)",
					"\"$(SRCROOT)/../SoapSupportLib/$(CONFIGURATION_BUILD_DIR)\"",
				);
				PRODUCT_NAME = BusGnosis;
			};
			name = Debug;
		};
		1D6058950D05DD3E006BFB54 /* Release */ = {
			isa = XCBuildConfiguration;
			buildSettings = {
				ALWAYS_SEARCH_USER_PATHS = NO;
				COPY_PHASE_STRIP = YES;
				CURRENT_PROJECT_VERSION = 1.0;
				GCC_PRECOMPILE_PREFIX_HEADER = YES;
				GCC_PREFIX_HEADER = "${PRODUCT_NAME:identifier}_Prefix.pch";
				HEADER_SEARCH_PATHS = "$(SRCROOT)/../SoapSupportLib";
				INFOPLIST_FILE = Info.plist;
				LIBRARY_SEARCH_PATHS = (
					"$(inherited)",
					"\"$(SRCROOT)/../SoapSupportLib/$(CONFIGURATION_BUILD_DIR)\"",
				);
				PRODUCT_NAME = BusGnosis;
			};
			name = Release;
		};
		C01FCF4F08A954540054247B /* Debug */ = {
			isa = XCBuildConfiguration;
			buildSettings = {
				ARCHS = "$(ARCHS_STANDARD_32_BIT)";
				"CODE_SIGN_IDENTITY[sdk=iphoneos*]" = "iPhone Developer";
				GCC_C_LANGUAGE_STANDARD = c99;
				GCC_WARN_ABOUT_RETURN_TYPE = YES;
				GCC_WARN_UNUSED_VARIABLE = YES;
				HEADER_SEARCH_PATHS = "\"$(SRCROOT)/../SoapSupportLib";
				LIBRARY_SEARCH_PATHS = "$(SRCROOT)/../SoapSupportLib/build/$(CONFIGURATION)$(EFFECTIVE_PLATFORM_NAME)";
				ONLY_ACTIVE_ARCH = YES;
				PREBINDING = NO;
				"PROVISIONING_PROFILE[sdk=iphoneos*]" = "";
				SDKROOT = iphoneos3.0;
			};
			name = Debug;
		};
		C01FCF5008A954540054247B /* Release */ = {
			isa = XCBuildConfiguration;
			buildSettings = {
				ARCHS = "$(ARCHS_STANDARD_32_BIT)";
				"CODE_SIGN_IDENTITY[sdk=iphoneos*]" = "iPhone Developer";
				GCC_C_LANGUAGE_STANDARD = c99;
				GCC_WARN_ABOUT_RETURN_TYPE = YES;
				GCC_WARN_UNUSED_VARIABLE = YES;
				HEADER_SEARCH_PATHS = "\"$(SRCROOT)/../SoapSupportLib";
				LIBRARY_SEARCH_PATHS = "$(SRCROOT)/../SoapSupportLib/build/$(CONFIGURATION)$(EFFECTIVE_PLATFORM_NAME)";
				ONLY_ACTIVE_ARCH = YES;
				PREBINDING = NO;
				"PROVISIONING_PROFILE[sdk=iphoneos*]" = "";
				SDKROOT = iphoneos3.0;
			};
			name = Release;
		};
/* End XCBuildConfiguration section */

/* Begin XCConfigurationList section */
		1D6058960D05DD3E006BFB54 /* Build configuration list for PBXNativeTarget "BusGnosis" */ = {
			isa = XCConfigurationList;
			buildConfigurations = (
				1D6058940D05DD3E006BFB54 /* Debug */,
				1D6058950D05DD3E006BFB54 /* Release */,
			);
			defaultConfigurationIsVisible = 0;
			defaultConfigurationName = Release;
		};
		C01FCF4E08A954540054247B /* Build configuration list for PBXProject "BusGnosis" */ = {
			isa = XCConfigurationList;
			buildConfigurations = (
				C01FCF4F08A954540054247B /* Debug */,
				C01FCF5008A954540054247B /* Release */,
			);
			defaultConfigurationIsVisible = 0;
			defaultConfigurationName = Release;
		};
/* End XCConfigurationList section */
	};
	rootObject = 29B97313FDCFA39411CA2CEA /* Project object */;
}
